// !$*UTF8*$!
{
	archiveVersion = 1;
	classes = {
	};
	objectVersion = 48;
	objects = {

/* Begin PBXBuildFile section */
		091B41901FE2FA8C00888BEC /* CGTarefa.m in Sources */ = {isa = PBXBuildFile; fileRef = 091B418F1FE2FA8B00888BEC /* CGTarefa.m */; };
		091B41941FE2FB3400888BEC /* CGTarefaServiceArchiver.m in Sources */ = {isa = PBXBuildFile; fileRef = 091B41931FE2FB3400888BEC /* CGTarefaServiceArchiver.m */; };
		091B41991FE30E5C00888BEC /* CGTarefaTableViewCell.m in Sources */ = {isa = PBXBuildFile; fileRef = 091B41981FE30E5C00888BEC /* CGTarefaTableViewCell.m */; };
		0983494F1FE1BBE600D60797 /* AppDelegate.m in Sources */ = {isa = PBXBuildFile; fileRef = 0983494E1FE1BBE600D60797 /* AppDelegate.m */; };
		098349571FE1BBE600D60797 /* Assets.xcassets in Resources */ = {isa = PBXBuildFile; fileRef = 098349561FE1BBE600D60797 /* Assets.xcassets */; };
		0983495D1FE1BBE600D60797 /* main.m in Sources */ = {isa = PBXBuildFile; fileRef = 0983495C1FE1BBE600D60797 /* main.m */; };
		098349651FE1BF4D00D60797 /* CGListaTarefasTableViewController.m in Sources */ = {isa = PBXBuildFile; fileRef = 098349641FE1BF4D00D60797 /* CGListaTarefasTableViewController.m */; };
		098349681FE1BF7100D60797 /* CGNovaTarefaViewController.m in Sources */ = {isa = PBXBuildFile; fileRef = 098349671FE1BF7100D60797 /* CGNovaTarefaViewController.m */; };
		0983496B1FE1C48100D60797 /* CGTarefaService.m in Sources */ = {isa = PBXBuildFile; fileRef = 0983496A1FE1C48100D60797 /* CGTarefaService.m */; };
		09AFE6831FE3147C001CBCA3 /* Main.storyboard in Resources */ = {isa = PBXBuildFile; fileRef = 09AFE6811FE3147C001CBCA3 /* Main.storyboard */; };
		09AFE6841FE3147C001CBCA3 /* LaunchScreen.storyboard in Resources */ = {isa = PBXBuildFile; fileRef = 09AFE6821FE3147C001CBCA3 /* LaunchScreen.storyboard */; };
/* End PBXBuildFile section */

/* Begin PBXFileReference section */
		091B418E1FE2FA8B00888BEC /* CGTarefa.h */ = {isa = PBXFileReference; lastKnownFileType = sourcecode.c.h; path = CGTarefa.h; sourceTree = "<group>"; };
		091B418F1FE2FA8B00888BEC /* CGTarefa.m */ = {isa = PBXFileReference; lastKnownFileType = sourcecode.c.objc; path = CGTarefa.m; sourceTree = "<group>"; };
		091B41921FE2FB3400888BEC /* CGTarefaServiceArchiver.h */ = {isa = PBXFileReference; lastKnownFileType = sourcecode.c.h; path = CGTarefaServiceArchiver.h; sourceTree = "<group>"; };
		091B41931FE2FB3400888BEC /* CGTarefaServiceArchiver.m */ = {isa = PBXFileReference; lastKnownFileType = sourcecode.c.objc; path = CGTarefaServiceArchiver.m; sourceTree = "<group>"; };
		091B41971FE30E5C00888BEC /* CGTarefaTableViewCell.h */ = {isa = PBXFileReference; lastKnownFileType = sourcecode.c.h; path = CGTarefaTableViewCell.h; sourceTree = "<group>"; };
		091B41981FE30E5C00888BEC /* CGTarefaTableViewCell.m */ = {isa = PBXFileReference; lastKnownFileType = sourcecode.c.objc; path = CGTarefaTableViewCell.m; sourceTree = "<group>"; };
		0983494A1FE1BBE600D60797 /* lista-tarefas.app */ = {isa = PBXFileReference; explicitFileType = wrapper.application; includeInIndex = 0; path = "lista-tarefas.app"; sourceTree = BUILT_PRODUCTS_DIR; };
		0983494D1FE1BBE600D60797 /* AppDelegate.h */ = {isa = PBXFileReference; lastKnownFileType = sourcecode.c.h; path = AppDelegate.h; sourceTree = "<group>"; };
		0983494E1FE1BBE600D60797 /* AppDelegate.m */ = {isa = PBXFileReference; lastKnownFileType = sourcecode.c.objc; path = AppDelegate.m; sourceTree = "<group>"; };
		098349561FE1BBE600D60797 /* Assets.xcassets */ = {isa = PBXFileReference; lastKnownFileType = folder.assetcatalog; path = Assets.xcassets; sourceTree = "<group>"; };
		0983495B1FE1BBE600D60797 /* Info.plist */ = {isa = PBXFileReference; lastKnownFileType = text.plist.xml; path = Info.plist; sourceTree = "<group>"; };
		0983495C1FE1BBE600D60797 /* main.m */ = {isa = PBXFileReference; lastKnownFileType = sourcecode.c.objc; path = main.m; sourceTree = "<group>"; };
		098349631FE1BF4D00D60797 /* CGListaTarefasTableViewController.h */ = {isa = PBXFileReference; lastKnownFileType = sourcecode.c.h; path = CGListaTarefasTableViewController.h; sourceTree = "<group>"; };
		098349641FE1BF4D00D60797 /* CGListaTarefasTableViewController.m */ = {isa = PBXFileReference; lastKnownFileType = sourcecode.c.objc; path = CGListaTarefasTableViewController.m; sourceTree = "<group>"; };
		098349661FE1BF7100D60797 /* CGNovaTarefaViewController.h */ = {isa = PBXFileReference; lastKnownFileType = sourcecode.c.h; path = CGNovaTarefaViewController.h; sourceTree = "<group>"; };
		098349671FE1BF7100D60797 /* CGNovaTarefaViewController.m */ = {isa = PBXFileReference; lastKnownFileType = sourcecode.c.objc; path = CGNovaTarefaViewController.m; sourceTree = "<group>"; };
		098349691FE1C48100D60797 /* CGTarefaService.h */ = {isa = PBXFileReference; lastKnownFileType = sourcecode.c.h; path = CGTarefaService.h; sourceTree = "<group>"; };
		0983496A1FE1C48100D60797 /* CGTarefaService.m */ = {isa = PBXFileReference; lastKnownFileType = sourcecode.c.objc; path = CGTarefaService.m; sourceTree = "<group>"; };
		09AFE6811FE3147C001CBCA3 /* Main.storyboard */ = {isa = PBXFileReference; fileEncoding = 4; lastKnownFileType = file.storyboard; path = Main.storyboard; sourceTree = "<group>"; };
		09AFE6821FE3147C001CBCA3 /* LaunchScreen.storyboard */ = {isa = PBXFileReference; fileEncoding = 4; lastKnownFileType = file.storyboard; path = LaunchScreen.storyboard; sourceTree = "<group>"; };
/* End PBXFileReference section */

/* Begin PBXFrameworksBuildPhase section */
		098349471FE1BBE600D60797 /* Frameworks */ = {
			isa = PBXFrameworksBuildPhase;
			buildActionMask = 2147483647;
			files = (
			);
			runOnlyForDeploymentPostprocessing = 0;
		};
/* End PBXFrameworksBuildPhase section */

/* Begin PBXGroup section */
		091B418D1FE2FA7A00888BEC /* Model */ = {
			isa = PBXGroup;
			children = (
				091B418E1FE2FA8B00888BEC /* CGTarefa.h */,
				091B418F1FE2FA8B00888BEC /* CGTarefa.m */,
			);
			path = Model;
			sourceTree = "<group>";
		};
		091B41911FE2FAF700888BEC /* Service */ = {
			isa = PBXGroup;
			children = (
				098349691FE1C48100D60797 /* CGTarefaService.h */,
				0983496A1FE1C48100D60797 /* CGTarefaService.m */,
				091B41921FE2FB3400888BEC /* CGTarefaServiceArchiver.h */,
				091B41931FE2FB3400888BEC /* CGTarefaServiceArchiver.m */,
			);
			path = Service;
			sourceTree = "<group>";
		};
		091B41951FE2FCAA00888BEC /* Controller */ = {
			isa = PBXGroup;
			children = (
				091B41961FE30E4600888BEC /* Cell */,
				098349631FE1BF4D00D60797 /* CGListaTarefasTableViewController.h */,
				098349641FE1BF4D00D60797 /* CGListaTarefasTableViewController.m */,
				098349661FE1BF7100D60797 /* CGNovaTarefaViewController.h */,
				098349671FE1BF7100D60797 /* CGNovaTarefaViewController.m */,
			);
			path = Controller;
			sourceTree = "<group>";
		};
		091B41961FE30E4600888BEC /* Cell */ = {
			isa = PBXGroup;
			children = (
				091B41971FE30E5C00888BEC /* CGTarefaTableViewCell.h */,
				091B41981FE30E5C00888BEC /* CGTarefaTableViewCell.m */,
			);
			path = Cell;
			sourceTree = "<group>";
		};
		098349411FE1BBE600D60797 = {
			isa = PBXGroup;
			children = (
				0983494C1FE1BBE600D60797 /* lista-tarefas */,
				0983494B1FE1BBE600D60797 /* Products */,
			);
			sourceTree = "<group>";
		};
		0983494B1FE1BBE600D60797 /* Products */ = {
			isa = PBXGroup;
			children = (
				0983494A1FE1BBE600D60797 /* lista-tarefas.app */,
			);
			name = Products;
			sourceTree = "<group>";
		};
		0983494C1FE1BBE600D60797 /* lista-tarefas */ = {
			isa = PBXGroup;
			children = (
				09AFE6821FE3147C001CBCA3 /* LaunchScreen.storyboard */,
				09AFE6811FE3147C001CBCA3 /* Main.storyboard */,
				091B41951FE2FCAA00888BEC /* Controller */,
				091B41911FE2FAF700888BEC /* Service */,
				091B418D1FE2FA7A00888BEC /* Model */,
				0983494D1FE1BBE600D60797 /* AppDelegate.h */,
				0983494E1FE1BBE600D60797 /* AppDelegate.m */,
				098349561FE1BBE600D60797 /* Assets.xcassets */,
				0983495B1FE1BBE600D60797 /* Info.plist */,
				0983495C1FE1BBE600D60797 /* main.m */,
			);
			path = "lista-tarefas";
			sourceTree = "<group>";
		};
/* End PBXGroup section */

/* Begin PBXNativeTarget section */
		098349491FE1BBE600D60797 /* lista-tarefas */ = {
			isa = PBXNativeTarget;
			buildConfigurationList = 098349601FE1BBE600D60797 /* Build configuration list for PBXNativeTarget "lista-tarefas" */;
			buildPhases = (
				098349461FE1BBE600D60797 /* Sources */,
				098349471FE1BBE600D60797 /* Frameworks */,
				098349481FE1BBE600D60797 /* Resources */,
			);
			buildRules = (
			);
			dependencies = (
			);
			name = "lista-tarefas";
			productName = "lista-tarefas";
			productReference = 0983494A1FE1BBE600D60797 /* lista-tarefas.app */;
			productType = "com.apple.product-type.application";
		};
/* End PBXNativeTarget section */

/* Begin PBXProject section */
		098349421FE1BBE600D60797 /* Project object */ = {
			isa = PBXProject;
			attributes = {
				CLASSPREFIX = CG;
				LastUpgradeCheck = 0920;
				ORGANIZATIONNAME = "Cast Group";
				TargetAttributes = {
					098349491FE1BBE600D60797 = {
						CreatedOnToolsVersion = 9.2;
						ProvisioningStyle = Automatic;
					};
				};
			};
			buildConfigurationList = 098349451FE1BBE600D60797 /* Build configuration list for PBXProject "lista-tarefas" */;
			compatibilityVersion = "Xcode 8.0";
			developmentRegion = en;
			hasScannedForEncodings = 0;
			knownRegions = (
				en,
			);
			mainGroup = 098349411FE1BBE600D60797;
			productRefGroup = 0983494B1FE1BBE600D60797 /* Products */;
			projectDirPath = "";
			projectRoot = "";
			targets = (
				098349491FE1BBE600D60797 /* lista-tarefas */,
			);
		};
/* End PBXProject section */

/* Begin PBXResourcesBuildPhase section */
		098349481FE1BBE600D60797 /* Resources */ = {
			isa = PBXResourcesBuildPhase;
			buildActionMask = 2147483647;
			files = (
				09AFE6841FE3147C001CBCA3 /* LaunchScreen.storyboard in Resources */,
				098349571FE1BBE600D60797 /* Assets.xcassets in Resources */,
				09AFE6831FE3147C001CBCA3 /* Main.storyboard in Resources */,
			);
			runOnlyForDeploymentPostprocessing = 0;
		};
/* End PBXResourcesBuildPhase section */

/* Begin PBXSourcesBuildPhase section */
		098349461FE1BBE600D60797 /* Sources */ = {
			isa = PBXSourcesBuildPhase;
			buildActionMask = 2147483647;
			files = (
				0983495D1FE1BBE600D60797 /* main.m in Sources */,
				091B41941FE2FB3400888BEC /* CGTarefaServiceArchiver.m in Sources */,
				091B41991FE30E5C00888BEC /* CGTarefaTableViewCell.m in Sources */,
				098349651FE1BF4D00D60797 /* CGListaTarefasTableViewController.m in Sources */,
				091B41901FE2FA8C00888BEC /* CGTarefa.m in Sources */,
				0983496B1FE1C48100D60797 /* CGTarefaService.m in Sources */,
				0983494F1FE1BBE600D60797 /* AppDelegate.m in Sources */,
				098349681FE1BF7100D60797 /* CGNovaTarefaViewController.m in Sources */,
			);
			runOnlyForDeploymentPostprocessing = 0;
		};
/* End PBXSourcesBuildPhase section */

/* Begin XCBuildConfiguration section */
		0983495E1FE1BBE600D60797 /* Debug */ = {
			isa = XCBuildConfiguration;
			buildSettings = {
				ALWAYS_SEARCH_USER_PATHS = NO;
				CLANG_ANALYZER_LOCALIZABILITY_NONLOCALIZED = YES;
				CLANG_ANALYZER_NONNULL = YES;
				CLANG_ANALYZER_NUMBER_OBJECT_CONVERSION = YES_AGGRESSIVE;
				CLANG_CXX_LANGUAGE_STANDARD = "gnu++14";
				CLANG_CXX_LIBRARY = "libc++";
				CLANG_ENABLE_MODULES = YES;
				CLANG_ENABLE_OBJC_ARC = YES;
				CLANG_WARN_BLOCK_CAPTURE_AUTORELEASING = YES;
				CLANG_WARN_BOOL_CONVERSION = YES;
				CLANG_WARN_COMMA = YES;
				CLANG_WARN_CONSTANT_CONVERSION = YES;
				CLANG_WARN_DIRECT_OBJC_ISA_USAGE = YES_ERROR;
				CLANG_WARN_DOCUMENTATION_COMMENTS = YES;
				CLANG_WARN_EMPTY_BODY = YES;
				CLANG_WARN_ENUM_CONVERSION = YES;
				CLANG_WARN_INFINITE_RECURSION = YES;
				CLANG_WARN_INT_CONVERSION = YES;
				CLANG_WARN_NON_LITERAL_NULL_CONVERSION = YES;
				CLANG_WARN_OBJC_LITERAL_CONVERSION = YES;
				CLANG_WARN_OBJC_ROOT_CLASS = YES_ERROR;
				CLANG_WARN_RANGE_LOOP_ANALYSIS = YES;
				CLANG_WARN_STRICT_PROTOTYPES = YES;
				CLANG_WARN_SUSPICIOUS_MOVE = YES;
				CLANG_WARN_UNGUARDED_AVAILABILITY = YES_AGGRESSIVE;
				CLANG_WARN_UNREACHABLE_CODE = YES;
				CLANG_WARN__DUPLICATE_METHOD_MATCH = YES;
				CODE_SIGN_IDENTITY = "iPhone Developer";
				COPY_PHASE_STRIP = NO;
				DEBUG_INFORMATION_FORMAT = dwarf;
				ENABLE_STRICT_OBJC_MSGSEND = YES;
				ENABLE_TESTABILITY = YES;
				GCC_C_LANGUAGE_STANDARD = gnu11;
				GCC_DYNAMIC_NO_PIC = NO;
				GCC_NO_COMMON_BLOCKS = YES;
				GCC_OPTIMIZATION_LEVEL = 0;
				GCC_PREPROCESSOR_DEFINITIONS = (
					"DEBUG=1",
					"$(inherited)",
				);
				GCC_WARN_64_TO_32_BIT_CONVERSION = YES;
				GCC_WARN_ABOUT_RETURN_TYPE = YES_ERROR;
				GCC_WARN_UNDECLARED_SELECTOR = YES;
				GCC_WARN_UNINITIALIZED_AUTOS = YES_AGGRESSIVE;
				GCC_WARN_UNUSED_FUNCTION = YES;
				GCC_WARN_UNUSED_VARIABLE = YES;
				IPHONEOS_DEPLOYMENT_TARGET = 11.2;
				MTL_ENABLE_DEBUG_INFO = YES;
				ONLY_ACTIVE_ARCH = YES;
				SDKROOT = iphoneos;
			};
			name = Debug;
		};
		0983495F1FE1BBE600D60797 /* Release */ = {
			isa = XCBuildConfiguration;
			buildSettings = {
				ALWAYS_SEARCH_USER_PATHS = NO;
				CLANG_ANALYZER_LOCALIZABILITY_NONLOCALIZED = YES;
				CLANG_ANALYZER_NONNULL = YES;
				CLANG_ANALYZER_NUMBER_OBJECT_CONVERSION = YES_AGGRESSIVE;
				CLANG_CXX_LANGUAGE_STANDARD = "gnu++14";
				CLANG_CXX_LIBRARY = "libc++";
				CLANG_ENABLE_MODULES = YES;
				CLANG_ENABLE_OBJC_ARC = YES;
				CLANG_WARN_BLOCK_CAPTURE_AUTORELEASING = YES;
				CLANG_WARN_BOOL_CONVERSION = YES;
				CLANG_WARN_COMMA = YES;
				CLANG_WARN_CONSTANT_CONVERSION = YES;
				CLANG_WARN_DIRECT_OBJC_ISA_USAGE = YES_ERROR;
				CLANG_WARN_DOCUMENTATION_COMMENTS = YES;
				CLANG_WARN_EMPTY_BODY = YES;
				CLANG_WARN_ENUM_CONVERSION = YES;
				CLANG_WARN_INFINITE_RECURSION = YES;
				CLANG_WARN_INT_CONVERSION = YES;
				CLANG_WARN_NON_LITERAL_NULL_CONVERSION = YES;
				CLANG_WARN_OBJC_LITERAL_CONVERSION = YES;
				CLANG_WARN_OBJC_ROOT_CLASS = YES_ERROR;
				CLANG_WARN_RANGE_LOOP_ANALYSIS = YES;
				CLANG_WARN_STRICT_PROTOTYPES = YES;
				CLANG_WARN_SUSPICIOUS_MOVE = YES;
				CLANG_WARN_UNGUARDED_AVAILABILITY = YES_AGGRESSIVE;
				CLANG_WARN_UNREACHABLE_CODE = YES;
				CLANG_WARN__DUPLICATE_METHOD_MATCH = YES;
				CODE_SIGN_IDENTITY = "iPhone Developer";
				COPY_PHASE_STRIP = NO;
				DEBUG_INFORMATION_FORMAT = "dwarf-with-dsym";
				ENABLE_NS_ASSERTIONS = NO;
				ENABLE_STRICT_OBJC_MSGSEND = YES;
				GCC_C_LANGUAGE_STANDARD = gnu11;
				GCC_NO_COMMON_BLOCKS = YES;
				GCC_WARN_64_TO_32_BIT_CONVERSION = YES;
				GCC_WARN_ABOUT_RETURN_TYPE = YES_ERROR;
				GCC_WARN_UNDECLARED_SELECTOR = YES;
				GCC_WARN_UNINITIALIZED_AUTOS = YES_AGGRESSIVE;
				GCC_WARN_UNUSED_FUNCTION = YES;
				GCC_WARN_UNUSED_VARIABLE = YES;
				IPHONEOS_DEPLOYMENT_TARGET = 11.2;
				MTL_ENABLE_DEBUG_INFO = NO;
				SDKROOT = iphoneos;
				VALIDATE_PRODUCT = YES;
			};
			name = Release;
		};
		098349611FE1BBE600D60797 /* Debug */ = {
			isa = XCBuildConfiguration;
			buildSettings = {
				ASSETCATALOG_COMPILER_APPICON_NAME = AppIcon;
				"CODE_SIGN_IDENTITY[sdk=iphoneos*]" = "iPhone Developer";
				CODE_SIGN_STYLE = Automatic;
				DEVELOPMENT_TEAM = GG29GXQGG3;
				INFOPLIST_FILE = "lista-tarefas/Info.plist";
				IPHONEOS_DEPLOYMENT_TARGET = 11.2;
				LD_RUNPATH_SEARCH_PATHS = "$(inherited) @executable_path/Frameworks";
				PRODUCT_BUNDLE_IDENTIFIER = "br.com.castgroup.lista-tarefas";
				PRODUCT_NAME = "$(TARGET_NAME)";
				PROVISIONING_PROFILE_SPECIFIER = "";
				TARGETED_DEVICE_FAMILY = "1,2";
			};
			name = Debug;
		};
		098349621FE1BBE600D60797 /* Release */ = {
			isa = XCBuildConfiguration;
			buildSettings = {
				ASSETCATALOG_COMPILER_APPICON_NAME = AppIcon;
				"CODE_SIGN_IDENTITY[sdk=iphoneos*]" = "iPhone Developer";
				CODE_SIGN_STYLE = Automatic;
				DEVELOPMENT_TEAM = GG29GXQGG3;
				INFOPLIST_FILE = "lista-tarefas/Info.plist";
				IPHONEOS_DEPLOYMENT_TARGET = 11.2;
				LD_RUNPATH_SEARCH_PATHS = "$(inherited) @executable_path/Frameworks";
				PRODUCT_BUNDLE_IDENTIFIER = "br.com.castgroup.lista-tarefas";
				PRODUCT_NAME = "$(TARGET_NAME)";
				PROVISIONING_PROFILE_SPECIFIER = "";
				TARGETED_DEVICE_FAMILY = "1,2";
			};
			name = Release;
		};
/* End XCBuildConfiguration section */

/* Begin XCConfigurationList section */
		098349451FE1BBE600D60797 /* Build configuration list for PBXProject "lista-tarefas" */ = {
			isa = XCConfigurationList;
			buildConfigurations = (
				0983495E1FE1BBE600D60797 /* Debug */,
				0983495F1FE1BBE600D60797 /* Release */,
			);
			defaultConfigurationIsVisible = 0;
			defaultConfigurationName = Debug;
		};
		098349601FE1BBE600D60797 /* Build configuration list for PBXNativeTarget "lista-tarefas" */ = {
			isa = XCConfigurationList;
			buildConfigurations = (
				098349611FE1BBE600D60797 /* Debug */,
				098349621FE1BBE600D60797 /* Release */,
			);
			defaultConfigurationIsVisible = 0;
			defaultConfigurationName = Debug;
		};
/* End XCConfigurationList section */
	};
	rootObject = 098349421FE1BBE600D60797 /* Project object */;
}
