// !$*UTF8*$!
{
	archiveVersion = 1;
	classes = {
	};
	objectVersion = 48;
	objects = {

/* Begin PBXBuildFile section */
		090574FC2006E77600F6D088 /* CGVideoUtils.m in Sources */ = {isa = PBXBuildFile; fileRef = 09823F35200557030081E022 /* CGVideoUtils.m */; };
		090574FD2006E78D00F6D088 /* bugatti_veyron.mp4 in Resources */ = {isa = PBXBuildFile; fileRef = 09823F39200564C20081E022 /* bugatti_veyron.mp4 */; };
		09823F28200541680081E022 /* CGSoundUtils.m in Sources */ = {isa = PBXBuildFile; fileRef = 09823F27200541680081E022 /* CGSoundUtils.m */; };
		09823F2B200547480081E022 /* CGAudioViewController.m in Sources */ = {isa = PBXBuildFile; fileRef = 09823F2A200547480081E022 /* CGAudioViewController.m */; };
		09823F2D200548180081E022 /* thai.mp3 in Resources */ = {isa = PBXBuildFile; fileRef = 09823F2C200548180081E022 /* thai.mp3 */; };
		09823F3020054C890081E022 /* CGSoundRecordUtils.m in Sources */ = {isa = PBXBuildFile; fileRef = 09823F2F20054C890081E022 /* CGSoundRecordUtils.m */; };
		09823F33200556F40081E022 /* CGVideoViewController.m in Sources */ = {isa = PBXBuildFile; fileRef = 09823F32200556F40081E022 /* CGVideoViewController.m */; };
		09E6388F20040B9400D371E5 /* AppDelegate.m in Sources */ = {isa = PBXBuildFile; fileRef = 09E6388E20040B9400D371E5 /* AppDelegate.m */; };
		09E6389220040B9400D371E5 /* ViewController.m in Sources */ = {isa = PBXBuildFile; fileRef = 09E6389120040B9400D371E5 /* ViewController.m */; };
		09E6389520040B9400D371E5 /* Main.storyboard in Resources */ = {isa = PBXBuildFile; fileRef = 09E6389320040B9400D371E5 /* Main.storyboard */; };
		09E6389720040B9400D371E5 /* Assets.xcassets in Resources */ = {isa = PBXBuildFile; fileRef = 09E6389620040B9400D371E5 /* Assets.xcassets */; };
		09E6389A20040B9400D371E5 /* LaunchScreen.storyboard in Resources */ = {isa = PBXBuildFile; fileRef = 09E6389820040B9400D371E5 /* LaunchScreen.storyboard */; };
		09E6389D20040B9400D371E5 /* main.m in Sources */ = {isa = PBXBuildFile; fileRef = 09E6389C20040B9400D371E5 /* main.m */; };
		09E638A5200410CC00D371E5 /* CGCameraViewController.m in Sources */ = {isa = PBXBuildFile; fileRef = 09E638A4200410CC00D371E5 /* CGCameraViewController.m */; };
/* End PBXBuildFile section */

/* Begin PBXFileReference section */
		09823F26200541680081E022 /* CGSoundUtils.h */ = {isa = PBXFileReference; lastKnownFileType = sourcecode.c.h; path = CGSoundUtils.h; sourceTree = "<group>"; };
		09823F27200541680081E022 /* CGSoundUtils.m */ = {isa = PBXFileReference; lastKnownFileType = sourcecode.c.objc; path = CGSoundUtils.m; sourceTree = "<group>"; };
		09823F29200547480081E022 /* CGAudioViewController.h */ = {isa = PBXFileReference; lastKnownFileType = sourcecode.c.h; path = CGAudioViewController.h; sourceTree = "<group>"; };
		09823F2A200547480081E022 /* CGAudioViewController.m */ = {isa = PBXFileReference; lastKnownFileType = sourcecode.c.objc; path = CGAudioViewController.m; sourceTree = "<group>"; };
		09823F2C200548180081E022 /* thai.mp3 */ = {isa = PBXFileReference; lastKnownFileType = audio.mp3; path = thai.mp3; sourceTree = "<group>"; };
		09823F2E20054C890081E022 /* CGSoundRecordUtils.h */ = {isa = PBXFileReference; lastKnownFileType = sourcecode.c.h; path = CGSoundRecordUtils.h; sourceTree = "<group>"; };
		09823F2F20054C890081E022 /* CGSoundRecordUtils.m */ = {isa = PBXFileReference; lastKnownFileType = sourcecode.c.objc; path = CGSoundRecordUtils.m; sourceTree = "<group>"; };
		09823F31200556F40081E022 /* CGVideoViewController.h */ = {isa = PBXFileReference; lastKnownFileType = sourcecode.c.h; path = CGVideoViewController.h; sourceTree = "<group>"; };
		09823F32200556F40081E022 /* CGVideoViewController.m */ = {isa = PBXFileReference; lastKnownFileType = sourcecode.c.objc; path = CGVideoViewController.m; sourceTree = "<group>"; };
		09823F34200557030081E022 /* CGVideoUtils.h */ = {isa = PBXFileReference; lastKnownFileType = sourcecode.c.h; path = CGVideoUtils.h; sourceTree = "<group>"; };
		09823F35200557030081E022 /* CGVideoUtils.m */ = {isa = PBXFileReference; lastKnownFileType = sourcecode.c.objc; path = CGVideoUtils.m; sourceTree = "<group>"; };
		09823F39200564C20081E022 /* bugatti_veyron.mp4 */ = {isa = PBXFileReference; lastKnownFileType = file; path = bugatti_veyron.mp4; sourceTree = "<group>"; };
		09E6388A20040B9400D371E5 /* multimedia.app */ = {isa = PBXFileReference; explicitFileType = wrapper.application; includeInIndex = 0; path = multimedia.app; sourceTree = BUILT_PRODUCTS_DIR; };
		09E6388D20040B9400D371E5 /* AppDelegate.h */ = {isa = PBXFileReference; lastKnownFileType = sourcecode.c.h; path = AppDelegate.h; sourceTree = "<group>"; };
		09E6388E20040B9400D371E5 /* AppDelegate.m */ = {isa = PBXFileReference; lastKnownFileType = sourcecode.c.objc; path = AppDelegate.m; sourceTree = "<group>"; };
		09E6389020040B9400D371E5 /* ViewController.h */ = {isa = PBXFileReference; lastKnownFileType = sourcecode.c.h; path = ViewController.h; sourceTree = "<group>"; };
		09E6389120040B9400D371E5 /* ViewController.m */ = {isa = PBXFileReference; lastKnownFileType = sourcecode.c.objc; path = ViewController.m; sourceTree = "<group>"; };
		09E6389420040B9400D371E5 /* Base */ = {isa = PBXFileReference; lastKnownFileType = file.storyboard; name = Base; path = Base.lproj/Main.storyboard; sourceTree = "<group>"; };
		09E6389620040B9400D371E5 /* Assets.xcassets */ = {isa = PBXFileReference; lastKnownFileType = folder.assetcatalog; path = Assets.xcassets; sourceTree = "<group>"; };
		09E6389920040B9400D371E5 /* Base */ = {isa = PBXFileReference; lastKnownFileType = file.storyboard; name = Base; path = Base.lproj/LaunchScreen.storyboard; sourceTree = "<group>"; };
		09E6389B20040B9400D371E5 /* Info.plist */ = {isa = PBXFileReference; lastKnownFileType = text.plist.xml; path = Info.plist; sourceTree = "<group>"; };
		09E6389C20040B9400D371E5 /* main.m */ = {isa = PBXFileReference; lastKnownFileType = sourcecode.c.objc; path = main.m; sourceTree = "<group>"; };
		09E638A3200410CC00D371E5 /* CGCameraViewController.h */ = {isa = PBXFileReference; lastKnownFileType = sourcecode.c.h; path = CGCameraViewController.h; sourceTree = "<group>"; };
		09E638A4200410CC00D371E5 /* CGCameraViewController.m */ = {isa = PBXFileReference; lastKnownFileType = sourcecode.c.objc; path = CGCameraViewController.m; sourceTree = "<group>"; };
/* End PBXFileReference section */

/* Begin PBXFrameworksBuildPhase section */
		09E6388720040B9400D371E5 /* Frameworks */ = {
			isa = PBXFrameworksBuildPhase;
			buildActionMask = 2147483647;
			files = (
			);
			runOnlyForDeploymentPostprocessing = 0;
		};
/* End PBXFrameworksBuildPhase section */

/* Begin PBXGroup section */
		09E6388120040B9400D371E5 = {
			isa = PBXGroup;
			children = (
				09E6388C20040B9400D371E5 /* multimedia */,
				09E6388B20040B9400D371E5 /* Products */,
			);
			sourceTree = "<group>";
		};
		09E6388B20040B9400D371E5 /* Products */ = {
			isa = PBXGroup;
			children = (
				09E6388A20040B9400D371E5 /* multimedia.app */,
			);
			name = Products;
			sourceTree = "<group>";
		};
		09E6388C20040B9400D371E5 /* multimedia */ = {
			isa = PBXGroup;
			children = (
				09823F39200564C20081E022 /* bugatti_veyron.mp4 */,
				09823F2C200548180081E022 /* thai.mp3 */,
				09E6388D20040B9400D371E5 /* AppDelegate.h */,
				09E6388E20040B9400D371E5 /* AppDelegate.m */,
				09E6389020040B9400D371E5 /* ViewController.h */,
				09E6389120040B9400D371E5 /* ViewController.m */,
				09E6389320040B9400D371E5 /* Main.storyboard */,
				09E6389620040B9400D371E5 /* Assets.xcassets */,
				09E6389820040B9400D371E5 /* LaunchScreen.storyboard */,
				09E6389B20040B9400D371E5 /* Info.plist */,
				09E6389C20040B9400D371E5 /* main.m */,
				09E638A3200410CC00D371E5 /* CGCameraViewController.h */,
				09E638A4200410CC00D371E5 /* CGCameraViewController.m */,
				09823F26200541680081E022 /* CGSoundUtils.h */,
				09823F27200541680081E022 /* CGSoundUtils.m */,
				09823F29200547480081E022 /* CGAudioViewController.h */,
				09823F2A200547480081E022 /* CGAudioViewController.m */,
				09823F2E20054C890081E022 /* CGSoundRecordUtils.h */,
				09823F2F20054C890081E022 /* CGSoundRecordUtils.m */,
				09823F31200556F40081E022 /* CGVideoViewController.h */,
				09823F32200556F40081E022 /* CGVideoViewController.m */,
				09823F34200557030081E022 /* CGVideoUtils.h */,
				09823F35200557030081E022 /* CGVideoUtils.m */,
			);
			path = multimedia;
			sourceTree = "<group>";
		};
/* End PBXGroup section */

/* Begin PBXNativeTarget section */
		09E6388920040B9400D371E5 /* multimedia */ = {
			isa = PBXNativeTarget;
			buildConfigurationList = 09E638A020040B9400D371E5 /* Build configuration list for PBXNativeTarget "multimedia" */;
			buildPhases = (
				09E6388620040B9400D371E5 /* Sources */,
				09E6388720040B9400D371E5 /* Frameworks */,
				09E6388820040B9400D371E5 /* Resources */,
			);
			buildRules = (
			);
			dependencies = (
			);
			name = multimedia;
			productName = multimedia;
			productReference = 09E6388A20040B9400D371E5 /* multimedia.app */;
			productType = "com.apple.product-type.application";
		};
/* End PBXNativeTarget section */

/* Begin PBXProject section */
		09E6388220040B9400D371E5 /* Project object */ = {
			isa = PBXProject;
			attributes = {
				CLASSPREFIX = CG;
				LastUpgradeCheck = 0920;
				ORGANIZATIONNAME = "Cast Group";
				TargetAttributes = {
					09E6388920040B9400D371E5 = {
						CreatedOnToolsVersion = 9.2;
						ProvisioningStyle = Automatic;
					};
				};
			};
			buildConfigurationList = 09E6388520040B9400D371E5 /* Build configuration list for PBXProject "multimedia" */;
			compatibilityVersion = "Xcode 8.0";
			developmentRegion = en;
			hasScannedForEncodings = 0;
			knownRegions = (
				en,
				Base,
			);
			mainGroup = 09E6388120040B9400D371E5;
			productRefGroup = 09E6388B20040B9400D371E5 /* Products */;
			projectDirPath = "";
			projectRoot = "";
			targets = (
				09E6388920040B9400D371E5 /* multimedia */,
			);
		};
/* End PBXProject section */

/* Begin PBXResourcesBuildPhase section */
		09E6388820040B9400D371E5 /* Resources */ = {
			isa = PBXResourcesBuildPhase;
			buildActionMask = 2147483647;
			files = (
				09823F2D200548180081E022 /* thai.mp3 in Resources */,
				09E6389A20040B9400D371E5 /* LaunchScreen.storyboard in Resources */,
				090574FD2006E78D00F6D088 /* bugatti_veyron.mp4 in Resources */,
				09E6389720040B9400D371E5 /* Assets.xcassets in Resources */,
				09E6389520040B9400D371E5 /* Main.storyboard in Resources */,
			);
			runOnlyForDeploymentPostprocessing = 0;
		};
/* End PBXResourcesBuildPhase section */

/* Begin PBXSourcesBuildPhase section */
		09E6388620040B9400D371E5 /* Sources */ = {
			isa = PBXSourcesBuildPhase;
			buildActionMask = 2147483647;
			files = (
				09E6389220040B9400D371E5 /* ViewController.m in Sources */,
				090574FC2006E77600F6D088 /* CGVideoUtils.m in Sources */,
				09823F3020054C890081E022 /* CGSoundRecordUtils.m in Sources */,
				09823F33200556F40081E022 /* CGVideoViewController.m in Sources */,
				09823F2B200547480081E022 /* CGAudioViewController.m in Sources */,
				09E638A5200410CC00D371E5 /* CGCameraViewController.m in Sources */,
				09E6389D20040B9400D371E5 /* main.m in Sources */,
				09823F28200541680081E022 /* CGSoundUtils.m in Sources */,
				09E6388F20040B9400D371E5 /* AppDelegate.m in Sources */,
			);
			runOnlyForDeploymentPostprocessing = 0;
		};
/* End PBXSourcesBuildPhase section */

/* Begin PBXVariantGroup section */
		09E6389320040B9400D371E5 /* Main.storyboard */ = {
			isa = PBXVariantGroup;
			children = (
				09E6389420040B9400D371E5 /* Base */,
			);
			name = Main.storyboard;
			sourceTree = "<group>";
		};
		09E6389820040B9400D371E5 /* LaunchScreen.storyboard */ = {
			isa = PBXVariantGroup;
			children = (
				09E6389920040B9400D371E5 /* Base */,
			);
			name = LaunchScreen.storyboard;
			sourceTree = "<group>";
		};
/* End PBXVariantGroup section */

/* Begin XCBuildConfiguration section */
		09E6389E20040B9400D371E5 /* Debug */ = {
			isa = XCBuildConfiguration;
			buildSettings = {
				ALWAYS_SEARCH_USER_PATHS = NO;
				CLANG_ANALYZER_NONNULL = YES;
				CLANG_ANALYZER_NUMBER_OBJECT_CONVERSION = YES_AGGRESSIVE;
				CLANG_CXX_LANGUAGE_STANDARD = "gnu++14";
				CLANG_CXX_LIBRARY = "libc++";
				CLANG_ENABLE_MODULES = YES;
				CLANG_ENABLE_OBJC_ARC = YES;
				CLANG_WARN_BLOCK_CAPTURE_AUTORELEASING = YES;
				CLANG_WARN_BOOL_CONVERSION = YES;
				CLANG_WARN_COMMA = YES;
				CLANG_WARN_CONSTANT_CONVERSION = YES;
				CLANG_WARN_DIRECT_OBJC_ISA_USAGE = YES_ERROR;
				CLANG_WARN_DOCUMENTATION_COMMENTS = YES;
				CLANG_WARN_EMPTY_BODY = YES;
				CLANG_WARN_ENUM_CONVERSION = YES;
				CLANG_WARN_INFINITE_RECURSION = YES;
				CLANG_WARN_INT_CONVERSION = YES;
				CLANG_WARN_NON_LITERAL_NULL_CONVERSION = YES;
				CLANG_WARN_OBJC_LITERAL_CONVERSION = YES;
				CLANG_WARN_OBJC_ROOT_CLASS = YES_ERROR;
				CLANG_WARN_RANGE_LOOP_ANALYSIS = YES;
				CLANG_WARN_STRICT_PROTOTYPES = YES;
				CLANG_WARN_SUSPICIOUS_MOVE = YES;
				CLANG_WARN_UNGUARDED_AVAILABILITY = YES_AGGRESSIVE;
				CLANG_WARN_UNREACHABLE_CODE = YES;
				CLANG_WARN__DUPLICATE_METHOD_MATCH = YES;
				CODE_SIGN_IDENTITY = "iPhone Developer";
				COPY_PHASE_STRIP = NO;
				DEBUG_INFORMATION_FORMAT = dwarf;
				ENABLE_STRICT_OBJC_MSGSEND = YES;
				ENABLE_TESTABILITY = YES;
				GCC_C_LANGUAGE_STANDARD = gnu11;
				GCC_DYNAMIC_NO_PIC = NO;
				GCC_NO_COMMON_BLOCKS = YES;
				GCC_OPTIMIZATION_LEVEL = 0;
				GCC_PREPROCESSOR_DEFINITIONS = (
					"DEBUG=1",
					"$(inherited)",
				);
				GCC_WARN_64_TO_32_BIT_CONVERSION = YES;
				GCC_WARN_ABOUT_RETURN_TYPE = YES_ERROR;
				GCC_WARN_UNDECLARED_SELECTOR = YES;
				GCC_WARN_UNINITIALIZED_AUTOS = YES_AGGRESSIVE;
				GCC_WARN_UNUSED_FUNCTION = YES;
				GCC_WARN_UNUSED_VARIABLE = YES;
				IPHONEOS_DEPLOYMENT_TARGET = 11.2;
				MTL_ENABLE_DEBUG_INFO = YES;
				ONLY_ACTIVE_ARCH = YES;
				SDKROOT = iphoneos;
			};
			name = Debug;
		};
		09E6389F20040B9400D371E5 /* Release */ = {
			isa = XCBuildConfiguration;
			buildSettings = {
				ALWAYS_SEARCH_USER_PATHS = NO;
				CLANG_ANALYZER_NONNULL = YES;
				CLANG_ANALYZER_NUMBER_OBJECT_CONVERSION = YES_AGGRESSIVE;
				CLANG_CXX_LANGUAGE_STANDARD = "gnu++14";
				CLANG_CXX_LIBRARY = "libc++";
				CLANG_ENABLE_MODULES = YES;
				CLANG_ENABLE_OBJC_ARC = YES;
				CLANG_WARN_BLOCK_CAPTURE_AUTORELEASING = YES;
				CLANG_WARN_BOOL_CONVERSION = YES;
				CLANG_WARN_COMMA = YES;
				CLANG_WARN_CONSTANT_CONVERSION = YES;
				CLANG_WARN_DIRECT_OBJC_ISA_USAGE = YES_ERROR;
				CLANG_WARN_DOCUMENTATION_COMMENTS = YES;
				CLANG_WARN_EMPTY_BODY = YES;
				CLANG_WARN_ENUM_CONVERSION = YES;
				CLANG_WARN_INFINITE_RECURSION = YES;
				CLANG_WARN_INT_CONVERSION = YES;
				CLANG_WARN_NON_LITERAL_NULL_CONVERSION = YES;
				CLANG_WARN_OBJC_LITERAL_CONVERSION = YES;
				CLANG_WARN_OBJC_ROOT_CLASS = YES_ERROR;
				CLANG_WARN_RANGE_LOOP_ANALYSIS = YES;
				CLANG_WARN_STRICT_PROTOTYPES = YES;
				CLANG_WARN_SUSPICIOUS_MOVE = YES;
				CLANG_WARN_UNGUARDED_AVAILABILITY = YES_AGGRESSIVE;
				CLANG_WARN_UNREACHABLE_CODE = YES;
				CLANG_WARN__DUPLICATE_METHOD_MATCH = YES;
				CODE_SIGN_IDENTITY = "iPhone Developer";
				COPY_PHASE_STRIP = NO;
				DEBUG_INFORMATION_FORMAT = "dwarf-with-dsym";
				ENABLE_NS_ASSERTIONS = NO;
				ENABLE_STRICT_OBJC_MSGSEND = YES;
				GCC_C_LANGUAGE_STANDARD = gnu11;
				GCC_NO_COMMON_BLOCKS = YES;
				GCC_WARN_64_TO_32_BIT_CONVERSION = YES;
				GCC_WARN_ABOUT_RETURN_TYPE = YES_ERROR;
				GCC_WARN_UNDECLARED_SELECTOR = YES;
				GCC_WARN_UNINITIALIZED_AUTOS = YES_AGGRESSIVE;
				GCC_WARN_UNUSED_FUNCTION = YES;
				GCC_WARN_UNUSED_VARIABLE = YES;
				IPHONEOS_DEPLOYMENT_TARGET = 11.2;
				MTL_ENABLE_DEBUG_INFO = NO;
				SDKROOT = iphoneos;
				VALIDATE_PRODUCT = YES;
			};
			name = Release;
		};
		09E638A120040B9400D371E5 /* Debug */ = {
			isa = XCBuildConfiguration;
			buildSettings = {
				ASSETCATALOG_COMPILER_APPICON_NAME = AppIcon;
				CODE_SIGN_STYLE = Automatic;
				DEVELOPMENT_TEAM = GG29GXQGG3;
				INFOPLIST_FILE = multimedia/Info.plist;
				LD_RUNPATH_SEARCH_PATHS = "$(inherited) @executable_path/Frameworks";
				PRODUCT_BUNDLE_IDENTIFIER = br.com.castgroup.multimedia;
				PRODUCT_NAME = "$(TARGET_NAME)";
				TARGETED_DEVICE_FAMILY = "1,2";
			};
			name = Debug;
		};
		09E638A220040B9400D371E5 /* Release */ = {
			isa = XCBuildConfiguration;
			buildSettings = {
				ASSETCATALOG_COMPILER_APPICON_NAME = AppIcon;
				CODE_SIGN_STYLE = Automatic;
				DEVELOPMENT_TEAM = GG29GXQGG3;
				INFOPLIST_FILE = multimedia/Info.plist;
				LD_RUNPATH_SEARCH_PATHS = "$(inherited) @executable_path/Frameworks";
				PRODUCT_BUNDLE_IDENTIFIER = br.com.castgroup.multimedia;
				PRODUCT_NAME = "$(TARGET_NAME)";
				TARGETED_DEVICE_FAMILY = "1,2";
			};
			name = Release;
		};
/* End XCBuildConfiguration section */

/* Begin XCConfigurationList section */
		09E6388520040B9400D371E5 /* Build configuration list for PBXProject "multimedia" */ = {
			isa = XCConfigurationList;
			buildConfigurations = (
				09E6389E20040B9400D371E5 /* Debug */,
				09E6389F20040B9400D371E5 /* Release */,
			);
			defaultConfigurationIsVisible = 0;
			defaultConfigurationName = Release;
		};
		09E638A020040B9400D371E5 /* Build configuration list for PBXNativeTarget "multimedia" */ = {
			isa = XCConfigurationList;
			buildConfigurations = (
				09E638A120040B9400D371E5 /* Debug */,
				09E638A220040B9400D371E5 /* Release */,
			);
			defaultConfigurationIsVisible = 0;
			defaultConfigurationName = Release;
		};
/* End XCConfigurationList section */
	};
	rootObject = 09E6388220040B9400D371E5 /* Project object */;
}
