// !$*UTF8*$!
{
	archiveVersion = 1;
	classes = {
	};
	objectVersion = 48;
	objects = {

/* Begin PBXBuildFile section */
		094399E21FC74DA600A1829C /* AppDelegate.m in Sources */ = {isa = PBXBuildFile; fileRef = 094399E11FC74DA600A1829C /* AppDelegate.m */; };
		094399E51FC74DA600A1829C /* ViewController.m in Sources */ = {isa = PBXBuildFile; fileRef = 094399E41FC74DA600A1829C /* ViewController.m */; };
		094399E81FC74DA600A1829C /* Main.storyboard in Resources */ = {isa = PBXBuildFile; fileRef = 094399E61FC74DA600A1829C /* Main.storyboard */; };
		094399EA1FC74DA600A1829C /* Assets.xcassets in Resources */ = {isa = PBXBuildFile; fileRef = 094399E91FC74DA600A1829C /* Assets.xcassets */; };
		094399ED1FC74DA600A1829C /* LaunchScreen.storyboard in Resources */ = {isa = PBXBuildFile; fileRef = 094399EB1FC74DA600A1829C /* LaunchScreen.storyboard */; };
		094399F01FC74DA600A1829C /* main.m in Sources */ = {isa = PBXBuildFile; fileRef = 094399EF1FC74DA600A1829C /* main.m */; };
		094399F91FC74E5300A1829C /* CGPessoa.m in Sources */ = {isa = PBXBuildFile; fileRef = 094399F81FC74E5300A1829C /* CGPessoa.m */; };
		094399FF1FC74FB900A1829C /* NSString+utils.m in Sources */ = {isa = PBXBuildFile; fileRef = 094399FE1FC74FB900A1829C /* NSString+utils.m */; };
/* End PBXBuildFile section */

/* Begin PBXFileReference section */
		094399DD1FC74DA600A1829C /* orientacao-objeto.app */ = {isa = PBXFileReference; explicitFileType = wrapper.application; includeInIndex = 0; path = "orientacao-objeto.app"; sourceTree = BUILT_PRODUCTS_DIR; };
		094399E01FC74DA600A1829C /* AppDelegate.h */ = {isa = PBXFileReference; lastKnownFileType = sourcecode.c.h; path = AppDelegate.h; sourceTree = "<group>"; };
		094399E11FC74DA600A1829C /* AppDelegate.m */ = {isa = PBXFileReference; lastKnownFileType = sourcecode.c.objc; path = AppDelegate.m; sourceTree = "<group>"; };
		094399E31FC74DA600A1829C /* ViewController.h */ = {isa = PBXFileReference; lastKnownFileType = sourcecode.c.h; path = ViewController.h; sourceTree = "<group>"; };
		094399E41FC74DA600A1829C /* ViewController.m */ = {isa = PBXFileReference; lastKnownFileType = sourcecode.c.objc; path = ViewController.m; sourceTree = "<group>"; };
		094399E71FC74DA600A1829C /* Base */ = {isa = PBXFileReference; lastKnownFileType = file.storyboard; name = Base; path = Base.lproj/Main.storyboard; sourceTree = "<group>"; };
		094399E91FC74DA600A1829C /* Assets.xcassets */ = {isa = PBXFileReference; lastKnownFileType = folder.assetcatalog; path = Assets.xcassets; sourceTree = "<group>"; };
		094399EC1FC74DA600A1829C /* Base */ = {isa = PBXFileReference; lastKnownFileType = file.storyboard; name = Base; path = Base.lproj/LaunchScreen.storyboard; sourceTree = "<group>"; };
		094399EE1FC74DA600A1829C /* Info.plist */ = {isa = PBXFileReference; lastKnownFileType = text.plist.xml; path = Info.plist; sourceTree = "<group>"; };
		094399EF1FC74DA600A1829C /* main.m */ = {isa = PBXFileReference; lastKnownFileType = sourcecode.c.objc; path = main.m; sourceTree = "<group>"; };
		094399F71FC74E5300A1829C /* CGPessoa.h */ = {isa = PBXFileReference; lastKnownFileType = sourcecode.c.h; path = CGPessoa.h; sourceTree = "<group>"; };
		094399F81FC74E5300A1829C /* CGPessoa.m */ = {isa = PBXFileReference; lastKnownFileType = sourcecode.c.objc; path = CGPessoa.m; sourceTree = "<group>"; };
		094399FD1FC74FB900A1829C /* NSString+utils.h */ = {isa = PBXFileReference; lastKnownFileType = sourcecode.c.h; path = "NSString+utils.h"; sourceTree = "<group>"; };
		094399FE1FC74FB900A1829C /* NSString+utils.m */ = {isa = PBXFileReference; lastKnownFileType = sourcecode.c.objc; path = "NSString+utils.m"; sourceTree = "<group>"; };
		09439A001FC751D200A1829C /* CGPessoaProtocol.h */ = {isa = PBXFileReference; lastKnownFileType = sourcecode.c.h; path = CGPessoaProtocol.h; sourceTree = "<group>"; };
/* End PBXFileReference section */

/* Begin PBXFrameworksBuildPhase section */
		094399DA1FC74DA600A1829C /* Frameworks */ = {
			isa = PBXFrameworksBuildPhase;
			buildActionMask = 2147483647;
			files = (
			);
			runOnlyForDeploymentPostprocessing = 0;
		};
/* End PBXFrameworksBuildPhase section */

/* Begin PBXGroup section */
		094399D41FC74DA600A1829C = {
			isa = PBXGroup;
			children = (
				094399DF1FC74DA600A1829C /* orientacao-objeto */,
				094399DE1FC74DA600A1829C /* Products */,
			);
			sourceTree = "<group>";
		};
		094399DE1FC74DA600A1829C /* Products */ = {
			isa = PBXGroup;
			children = (
				094399DD1FC74DA600A1829C /* orientacao-objeto.app */,
			);
			name = Products;
			sourceTree = "<group>";
		};
		094399DF1FC74DA600A1829C /* orientacao-objeto */ = {
			isa = PBXGroup;
			children = (
				094399F61FC74DC000A1829C /* classes */,
				094399E01FC74DA600A1829C /* AppDelegate.h */,
				094399E11FC74DA600A1829C /* AppDelegate.m */,
				094399E31FC74DA600A1829C /* ViewController.h */,
				094399E41FC74DA600A1829C /* ViewController.m */,
				094399E61FC74DA600A1829C /* Main.storyboard */,
				094399E91FC74DA600A1829C /* Assets.xcassets */,
				094399EB1FC74DA600A1829C /* LaunchScreen.storyboard */,
				094399EE1FC74DA600A1829C /* Info.plist */,
				094399EF1FC74DA600A1829C /* main.m */,
				094399FD1FC74FB900A1829C /* NSString+utils.h */,
				094399FE1FC74FB900A1829C /* NSString+utils.m */,
				09439A001FC751D200A1829C /* CGPessoaProtocol.h */,
			);
			path = "orientacao-objeto";
			sourceTree = "<group>";
		};
		094399F61FC74DC000A1829C /* classes */ = {
			isa = PBXGroup;
			children = (
				094399F71FC74E5300A1829C /* CGPessoa.h */,
				094399F81FC74E5300A1829C /* CGPessoa.m */,
			);
			path = classes;
			sourceTree = "<group>";
		};
/* End PBXGroup section */

/* Begin PBXNativeTarget section */
		094399DC1FC74DA600A1829C /* orientacao-objeto */ = {
			isa = PBXNativeTarget;
			buildConfigurationList = 094399F31FC74DA600A1829C /* Build configuration list for PBXNativeTarget "orientacao-objeto" */;
			buildPhases = (
				094399D91FC74DA600A1829C /* Sources */,
				094399DA1FC74DA600A1829C /* Frameworks */,
				094399DB1FC74DA600A1829C /* Resources */,
			);
			buildRules = (
			);
			dependencies = (
			);
			name = "orientacao-objeto";
			productName = "orientacao-objeto";
			productReference = 094399DD1FC74DA600A1829C /* orientacao-objeto.app */;
			productType = "com.apple.product-type.application";
		};
/* End PBXNativeTarget section */

/* Begin PBXProject section */
		094399D51FC74DA600A1829C /* Project object */ = {
			isa = PBXProject;
			attributes = {
				CLASSPREFIX = CG;
				LastUpgradeCheck = 0910;
				ORGANIZATIONNAME = "Cast Group";
				TargetAttributes = {
					094399DC1FC74DA600A1829C = {
						CreatedOnToolsVersion = 9.1;
						ProvisioningStyle = Automatic;
					};
				};
			};
			buildConfigurationList = 094399D81FC74DA600A1829C /* Build configuration list for PBXProject "orientacao-objeto" */;
			compatibilityVersion = "Xcode 8.0";
			developmentRegion = en;
			hasScannedForEncodings = 0;
			knownRegions = (
				en,
				Base,
			);
			mainGroup = 094399D41FC74DA600A1829C;
			productRefGroup = 094399DE1FC74DA600A1829C /* Products */;
			projectDirPath = "";
			projectRoot = "";
			targets = (
				094399DC1FC74DA600A1829C /* orientacao-objeto */,
			);
		};
/* End PBXProject section */

/* Begin PBXResourcesBuildPhase section */
		094399DB1FC74DA600A1829C /* Resources */ = {
			isa = PBXResourcesBuildPhase;
			buildActionMask = 2147483647;
			files = (
				094399ED1FC74DA600A1829C /* LaunchScreen.storyboard in Resources */,
				094399EA1FC74DA600A1829C /* Assets.xcassets in Resources */,
				094399E81FC74DA600A1829C /* Main.storyboard in Resources */,
			);
			runOnlyForDeploymentPostprocessing = 0;
		};
/* End PBXResourcesBuildPhase section */

/* Begin PBXSourcesBuildPhase section */
		094399D91FC74DA600A1829C /* Sources */ = {
			isa = PBXSourcesBuildPhase;
			buildActionMask = 2147483647;
			files = (
				094399E51FC74DA600A1829C /* ViewController.m in Sources */,
				094399F01FC74DA600A1829C /* main.m in Sources */,
				094399FF1FC74FB900A1829C /* NSString+utils.m in Sources */,
				094399F91FC74E5300A1829C /* CGPessoa.m in Sources */,
				094399E21FC74DA600A1829C /* AppDelegate.m in Sources */,
			);
			runOnlyForDeploymentPostprocessing = 0;
		};
/* End PBXSourcesBuildPhase section */

/* Begin PBXVariantGroup section */
		094399E61FC74DA600A1829C /* Main.storyboard */ = {
			isa = PBXVariantGroup;
			children = (
				094399E71FC74DA600A1829C /* Base */,
			);
			name = Main.storyboard;
			sourceTree = "<group>";
		};
		094399EB1FC74DA600A1829C /* LaunchScreen.storyboard */ = {
			isa = PBXVariantGroup;
			children = (
				094399EC1FC74DA600A1829C /* Base */,
			);
			name = LaunchScreen.storyboard;
			sourceTree = "<group>";
		};
/* End PBXVariantGroup section */

/* Begin XCBuildConfiguration section */
		094399F11FC74DA600A1829C /* Debug */ = {
			isa = XCBuildConfiguration;
			buildSettings = {
				ALWAYS_SEARCH_USER_PATHS = NO;
				CLANG_ANALYZER_NONNULL = YES;
				CLANG_ANALYZER_NUMBER_OBJECT_CONVERSION = YES_AGGRESSIVE;
				CLANG_CXX_LANGUAGE_STANDARD = "gnu++14";
				CLANG_CXX_LIBRARY = "libc++";
				CLANG_ENABLE_MODULES = YES;
				CLANG_ENABLE_OBJC_ARC = YES;
				CLANG_WARN_BLOCK_CAPTURE_AUTORELEASING = YES;
				CLANG_WARN_BOOL_CONVERSION = YES;
				CLANG_WARN_COMMA = YES;
				CLANG_WARN_CONSTANT_CONVERSION = YES;
				CLANG_WARN_DIRECT_OBJC_ISA_USAGE = YES_ERROR;
				CLANG_WARN_DOCUMENTATION_COMMENTS = YES;
				CLANG_WARN_EMPTY_BODY = YES;
				CLANG_WARN_ENUM_CONVERSION = YES;
				CLANG_WARN_INFINITE_RECURSION = YES;
				CLANG_WARN_INT_CONVERSION = YES;
				CLANG_WARN_NON_LITERAL_NULL_CONVERSION = YES;
				CLANG_WARN_OBJC_LITERAL_CONVERSION = YES;
				CLANG_WARN_OBJC_ROOT_CLASS = YES_ERROR;
				CLANG_WARN_RANGE_LOOP_ANALYSIS = YES;
				CLANG_WARN_STRICT_PROTOTYPES = YES;
				CLANG_WARN_SUSPICIOUS_MOVE = YES;
				CLANG_WARN_UNGUARDED_AVAILABILITY = YES_AGGRESSIVE;
				CLANG_WARN_UNREACHABLE_CODE = YES;
				CLANG_WARN__DUPLICATE_METHOD_MATCH = YES;
				CODE_SIGN_IDENTITY = "iPhone Developer";
				COPY_PHASE_STRIP = NO;
				DEBUG_INFORMATION_FORMAT = dwarf;
				ENABLE_STRICT_OBJC_MSGSEND = YES;
				ENABLE_TESTABILITY = YES;
				GCC_C_LANGUAGE_STANDARD = gnu11;
				GCC_DYNAMIC_NO_PIC = NO;
				GCC_NO_COMMON_BLOCKS = YES;
				GCC_OPTIMIZATION_LEVEL = 0;
				GCC_PREPROCESSOR_DEFINITIONS = (
					"DEBUG=1",
					"$(inherited)",
				);
				GCC_WARN_64_TO_32_BIT_CONVERSION = YES;
				GCC_WARN_ABOUT_RETURN_TYPE = YES_ERROR;
				GCC_WARN_UNDECLARED_SELECTOR = YES;
				GCC_WARN_UNINITIALIZED_AUTOS = YES_AGGRESSIVE;
				GCC_WARN_UNUSED_FUNCTION = YES;
				GCC_WARN_UNUSED_VARIABLE = YES;
				IPHONEOS_DEPLOYMENT_TARGET = 11.1;
				MTL_ENABLE_DEBUG_INFO = YES;
				ONLY_ACTIVE_ARCH = YES;
				SDKROOT = iphoneos;
			};
			name = Debug;
		};
		094399F21FC74DA600A1829C /* Release */ = {
			isa = XCBuildConfiguration;
			buildSettings = {
				ALWAYS_SEARCH_USER_PATHS = NO;
				CLANG_ANALYZER_NONNULL = YES;
				CLANG_ANALYZER_NUMBER_OBJECT_CONVERSION = YES_AGGRESSIVE;
				CLANG_CXX_LANGUAGE_STANDARD = "gnu++14";
				CLANG_CXX_LIBRARY = "libc++";
				CLANG_ENABLE_MODULES = YES;
				CLANG_ENABLE_OBJC_ARC = YES;
				CLANG_WARN_BLOCK_CAPTURE_AUTORELEASING = YES;
				CLANG_WARN_BOOL_CONVERSION = YES;
				CLANG_WARN_COMMA = YES;
				CLANG_WARN_CONSTANT_CONVERSION = YES;
				CLANG_WARN_DIRECT_OBJC_ISA_USAGE = YES_ERROR;
				CLANG_WARN_DOCUMENTATION_COMMENTS = YES;
				CLANG_WARN_EMPTY_BODY = YES;
				CLANG_WARN_ENUM_CONVERSION = YES;
				CLANG_WARN_INFINITE_RECURSION = YES;
				CLANG_WARN_INT_CONVERSION = YES;
				CLANG_WARN_NON_LITERAL_NULL_CONVERSION = YES;
				CLANG_WARN_OBJC_LITERAL_CONVERSION = YES;
				CLANG_WARN_OBJC_ROOT_CLASS = YES_ERROR;
				CLANG_WARN_RANGE_LOOP_ANALYSIS = YES;
				CLANG_WARN_STRICT_PROTOTYPES = YES;
				CLANG_WARN_SUSPICIOUS_MOVE = YES;
				CLANG_WARN_UNGUARDED_AVAILABILITY = YES_AGGRESSIVE;
				CLANG_WARN_UNREACHABLE_CODE = YES;
				CLANG_WARN__DUPLICATE_METHOD_MATCH = YES;
				CODE_SIGN_IDENTITY = "iPhone Developer";
				COPY_PHASE_STRIP = NO;
				DEBUG_INFORMATION_FORMAT = "dwarf-with-dsym";
				ENABLE_NS_ASSERTIONS = NO;
				ENABLE_STRICT_OBJC_MSGSEND = YES;
				GCC_C_LANGUAGE_STANDARD = gnu11;
				GCC_NO_COMMON_BLOCKS = YES;
				GCC_WARN_64_TO_32_BIT_CONVERSION = YES;
				GCC_WARN_ABOUT_RETURN_TYPE = YES_ERROR;
				GCC_WARN_UNDECLARED_SELECTOR = YES;
				GCC_WARN_UNINITIALIZED_AUTOS = YES_AGGRESSIVE;
				GCC_WARN_UNUSED_FUNCTION = YES;
				GCC_WARN_UNUSED_VARIABLE = YES;
				IPHONEOS_DEPLOYMENT_TARGET = 11.1;
				MTL_ENABLE_DEBUG_INFO = NO;
				SDKROOT = iphoneos;
				VALIDATE_PRODUCT = YES;
			};
			name = Release;
		};
		094399F41FC74DA600A1829C /* Debug */ = {
			isa = XCBuildConfiguration;
			buildSettings = {
				ASSETCATALOG_COMPILER_APPICON_NAME = AppIcon;
				CODE_SIGN_STYLE = Automatic;
				DEVELOPMENT_TEAM = GG29GXQGG3;
				INFOPLIST_FILE = "orientacao-objeto/Info.plist";
				LD_RUNPATH_SEARCH_PATHS = "$(inherited) @executable_path/Frameworks";
				PRODUCT_BUNDLE_IDENTIFIER = br.com.castgroup.orientacaoObjeto;
				PRODUCT_NAME = "$(TARGET_NAME)";
				TARGETED_DEVICE_FAMILY = "1,2";
			};
			name = Debug;
		};
		094399F51FC74DA600A1829C /* Release */ = {
			isa = XCBuildConfiguration;
			buildSettings = {
				ASSETCATALOG_COMPILER_APPICON_NAME = AppIcon;
				CODE_SIGN_STYLE = Automatic;
				DEVELOPMENT_TEAM = GG29GXQGG3;
				INFOPLIST_FILE = "orientacao-objeto/Info.plist";
				LD_RUNPATH_SEARCH_PATHS = "$(inherited) @executable_path/Frameworks";
				PRODUCT_BUNDLE_IDENTIFIER = br.com.castgroup.orientacaoObjeto;
				PRODUCT_NAME = "$(TARGET_NAME)";
				TARGETED_DEVICE_FAMILY = "1,2";
			};
			name = Release;
		};
/* End XCBuildConfiguration section */

/* Begin XCConfigurationList section */
		094399D81FC74DA600A1829C /* Build configuration list for PBXProject "orientacao-objeto" */ = {
			isa = XCConfigurationList;
			buildConfigurations = (
				094399F11FC74DA600A1829C /* Debug */,
				094399F21FC74DA600A1829C /* Release */,
			);
			defaultConfigurationIsVisible = 0;
			defaultConfigurationName = Release;
		};
		094399F31FC74DA600A1829C /* Build configuration list for PBXNativeTarget "orientacao-objeto" */ = {
			isa = XCConfigurationList;
			buildConfigurations = (
				094399F41FC74DA600A1829C /* Debug */,
				094399F51FC74DA600A1829C /* Release */,
			);
			defaultConfigurationIsVisible = 0;
			defaultConfigurationName = Release;
		};
/* End XCConfigurationList section */
	};
	rootObject = 094399D51FC74DA600A1829C /* Project object */;
}
