// !$*UTF8*$!
{
	archiveVersion = 1;
	classes = {
	};
	objectVersion = 48;
	objects = {

/* Begin PBXBuildFile section */
		09784CDD1FBB6FDB00172BE9 /* AppDelegate.m in Sources */ = {isa = PBXBuildFile; fileRef = 09784CDC1FBB6FDB00172BE9 /* AppDelegate.m */; };
		09784CE01FBB6FDB00172BE9 /* ViewController.m in Sources */ = {isa = PBXBuildFile; fileRef = 09784CDF1FBB6FDB00172BE9 /* ViewController.m */; };
		09784CE31FBB6FDB00172BE9 /* Main.storyboard in Resources */ = {isa = PBXBuildFile; fileRef = 09784CE11FBB6FDB00172BE9 /* Main.storyboard */; };
		09784CE51FBB6FDB00172BE9 /* Assets.xcassets in Resources */ = {isa = PBXBuildFile; fileRef = 09784CE41FBB6FDB00172BE9 /* Assets.xcassets */; };
		09784CE81FBB6FDB00172BE9 /* LaunchScreen.storyboard in Resources */ = {isa = PBXBuildFile; fileRef = 09784CE61FBB6FDB00172BE9 /* LaunchScreen.storyboard */; };
		09784CEB1FBB6FDB00172BE9 /* main.m in Sources */ = {isa = PBXBuildFile; fileRef = 09784CEA1FBB6FDB00172BE9 /* main.m */; };
/* End PBXBuildFile section */

/* Begin PBXFileReference section */
		09784CD81FBB6FDA00172BE9 /* a-idade-do-cachorro.app */ = {isa = PBXFileReference; explicitFileType = wrapper.application; includeInIndex = 0; path = "a-idade-do-cachorro.app"; sourceTree = BUILT_PRODUCTS_DIR; };
		09784CDB1FBB6FDA00172BE9 /* AppDelegate.h */ = {isa = PBXFileReference; lastKnownFileType = sourcecode.c.h; path = AppDelegate.h; sourceTree = "<group>"; };
		09784CDC1FBB6FDB00172BE9 /* AppDelegate.m */ = {isa = PBXFileReference; lastKnownFileType = sourcecode.c.objc; path = AppDelegate.m; sourceTree = "<group>"; };
		09784CDE1FBB6FDB00172BE9 /* ViewController.h */ = {isa = PBXFileReference; lastKnownFileType = sourcecode.c.h; path = ViewController.h; sourceTree = "<group>"; };
		09784CDF1FBB6FDB00172BE9 /* ViewController.m */ = {isa = PBXFileReference; lastKnownFileType = sourcecode.c.objc; path = ViewController.m; sourceTree = "<group>"; };
		09784CE21FBB6FDB00172BE9 /* Base */ = {isa = PBXFileReference; lastKnownFileType = file.storyboard; name = Base; path = Base.lproj/Main.storyboard; sourceTree = "<group>"; };
		09784CE41FBB6FDB00172BE9 /* Assets.xcassets */ = {isa = PBXFileReference; lastKnownFileType = folder.assetcatalog; path = Assets.xcassets; sourceTree = "<group>"; };
		09784CE71FBB6FDB00172BE9 /* Base */ = {isa = PBXFileReference; lastKnownFileType = file.storyboard; name = Base; path = Base.lproj/LaunchScreen.storyboard; sourceTree = "<group>"; };
		09784CE91FBB6FDB00172BE9 /* Info.plist */ = {isa = PBXFileReference; lastKnownFileType = text.plist.xml; path = Info.plist; sourceTree = "<group>"; };
		09784CEA1FBB6FDB00172BE9 /* main.m */ = {isa = PBXFileReference; lastKnownFileType = sourcecode.c.objc; path = main.m; sourceTree = "<group>"; };
/* End PBXFileReference section */

/* Begin PBXFrameworksBuildPhase section */
		09784CD51FBB6FDA00172BE9 /* Frameworks */ = {
			isa = PBXFrameworksBuildPhase;
			buildActionMask = 2147483647;
			files = (
			);
			runOnlyForDeploymentPostprocessing = 0;
		};
/* End PBXFrameworksBuildPhase section */

/* Begin PBXGroup section */
		09784CCF1FBB6FDA00172BE9 = {
			isa = PBXGroup;
			children = (
				09784CDA1FBB6FDA00172BE9 /* a-idade-do-cachorro */,
				09784CD91FBB6FDA00172BE9 /* Products */,
			);
			sourceTree = "<group>";
		};
		09784CD91FBB6FDA00172BE9 /* Products */ = {
			isa = PBXGroup;
			children = (
				09784CD81FBB6FDA00172BE9 /* a-idade-do-cachorro.app */,
			);
			name = Products;
			sourceTree = "<group>";
		};
		09784CDA1FBB6FDA00172BE9 /* a-idade-do-cachorro */ = {
			isa = PBXGroup;
			children = (
				09784CDB1FBB6FDA00172BE9 /* AppDelegate.h */,
				09784CDC1FBB6FDB00172BE9 /* AppDelegate.m */,
				09784CDE1FBB6FDB00172BE9 /* ViewController.h */,
				09784CDF1FBB6FDB00172BE9 /* ViewController.m */,
				09784CE11FBB6FDB00172BE9 /* Main.storyboard */,
				09784CE41FBB6FDB00172BE9 /* Assets.xcassets */,
				09784CE61FBB6FDB00172BE9 /* LaunchScreen.storyboard */,
				09784CE91FBB6FDB00172BE9 /* Info.plist */,
				09784CEA1FBB6FDB00172BE9 /* main.m */,
			);
			path = "a-idade-do-cachorro";
			sourceTree = "<group>";
		};
/* End PBXGroup section */

/* Begin PBXNativeTarget section */
		09784CD71FBB6FDA00172BE9 /* a-idade-do-cachorro */ = {
			isa = PBXNativeTarget;
			buildConfigurationList = 09784CEE1FBB6FDB00172BE9 /* Build configuration list for PBXNativeTarget "a-idade-do-cachorro" */;
			buildPhases = (
				09784CD41FBB6FDA00172BE9 /* Sources */,
				09784CD51FBB6FDA00172BE9 /* Frameworks */,
				09784CD61FBB6FDA00172BE9 /* Resources */,
			);
			buildRules = (
			);
			dependencies = (
			);
			name = "a-idade-do-cachorro";
			productName = "a-idade-do-cachorro";
			productReference = 09784CD81FBB6FDA00172BE9 /* a-idade-do-cachorro.app */;
			productType = "com.apple.product-type.application";
		};
/* End PBXNativeTarget section */

/* Begin PBXProject section */
		09784CD01FBB6FDA00172BE9 /* Project object */ = {
			isa = PBXProject;
			attributes = {
				LastUpgradeCheck = 0920;
				ORGANIZATIONNAME = "Cast Group";
				TargetAttributes = {
					09784CD71FBB6FDA00172BE9 = {
						CreatedOnToolsVersion = 9.2;
						ProvisioningStyle = Automatic;
					};
				};
			};
			buildConfigurationList = 09784CD31FBB6FDA00172BE9 /* Build configuration list for PBXProject "a-idade-do-cachorro" */;
			compatibilityVersion = "Xcode 8.0";
			developmentRegion = en;
			hasScannedForEncodings = 0;
			knownRegions = (
				en,
				Base,
			);
			mainGroup = 09784CCF1FBB6FDA00172BE9;
			productRefGroup = 09784CD91FBB6FDA00172BE9 /* Products */;
			projectDirPath = "";
			projectRoot = "";
			targets = (
				09784CD71FBB6FDA00172BE9 /* a-idade-do-cachorro */,
			);
		};
/* End PBXProject section */

/* Begin PBXResourcesBuildPhase section */
		09784CD61FBB6FDA00172BE9 /* Resources */ = {
			isa = PBXResourcesBuildPhase;
			buildActionMask = 2147483647;
			files = (
				09784CE81FBB6FDB00172BE9 /* LaunchScreen.storyboard in Resources */,
				09784CE51FBB6FDB00172BE9 /* Assets.xcassets in Resources */,
				09784CE31FBB6FDB00172BE9 /* Main.storyboard in Resources */,
			);
			runOnlyForDeploymentPostprocessing = 0;
		};
/* End PBXResourcesBuildPhase section */

/* Begin PBXSourcesBuildPhase section */
		09784CD41FBB6FDA00172BE9 /* Sources */ = {
			isa = PBXSourcesBuildPhase;
			buildActionMask = 2147483647;
			files = (
				09784CE01FBB6FDB00172BE9 /* ViewController.m in Sources */,
				09784CEB1FBB6FDB00172BE9 /* main.m in Sources */,
				09784CDD1FBB6FDB00172BE9 /* AppDelegate.m in Sources */,
			);
			runOnlyForDeploymentPostprocessing = 0;
		};
/* End PBXSourcesBuildPhase section */

/* Begin PBXVariantGroup section */
		09784CE11FBB6FDB00172BE9 /* Main.storyboard */ = {
			isa = PBXVariantGroup;
			children = (
				09784CE21FBB6FDB00172BE9 /* Base */,
			);
			name = Main.storyboard;
			sourceTree = "<group>";
		};
		09784CE61FBB6FDB00172BE9 /* LaunchScreen.storyboard */ = {
			isa = PBXVariantGroup;
			children = (
				09784CE71FBB6FDB00172BE9 /* Base */,
			);
			name = LaunchScreen.storyboard;
			sourceTree = "<group>";
		};
/* End PBXVariantGroup section */

/* Begin XCBuildConfiguration section */
		09784CEC1FBB6FDB00172BE9 /* Debug */ = {
			isa = XCBuildConfiguration;
			buildSettings = {
				ALWAYS_SEARCH_USER_PATHS = NO;
				CLANG_ANALYZER_NONNULL = YES;
				CLANG_ANALYZER_NUMBER_OBJECT_CONVERSION = YES_AGGRESSIVE;
				CLANG_CXX_LANGUAGE_STANDARD = "gnu++14";
				CLANG_CXX_LIBRARY = "libc++";
				CLANG_ENABLE_MODULES = YES;
				CLANG_ENABLE_OBJC_ARC = YES;
				CLANG_WARN_BLOCK_CAPTURE_AUTORELEASING = YES;
				CLANG_WARN_BOOL_CONVERSION = YES;
				CLANG_WARN_COMMA = YES;
				CLANG_WARN_CONSTANT_CONVERSION = YES;
				CLANG_WARN_DIRECT_OBJC_ISA_USAGE = YES_ERROR;
				CLANG_WARN_DOCUMENTATION_COMMENTS = YES;
				CLANG_WARN_EMPTY_BODY = YES;
				CLANG_WARN_ENUM_CONVERSION = YES;
				CLANG_WARN_INFINITE_RECURSION = YES;
				CLANG_WARN_INT_CONVERSION = YES;
				CLANG_WARN_NON_LITERAL_NULL_CONVERSION = YES;
				CLANG_WARN_OBJC_LITERAL_CONVERSION = YES;
				CLANG_WARN_OBJC_ROOT_CLASS = YES_ERROR;
				CLANG_WARN_RANGE_LOOP_ANALYSIS = YES;
				CLANG_WARN_STRICT_PROTOTYPES = YES;
				CLANG_WARN_SUSPICIOUS_MOVE = YES;
				CLANG_WARN_UNGUARDED_AVAILABILITY = YES_AGGRESSIVE;
				CLANG_WARN_UNREACHABLE_CODE = YES;
				CLANG_WARN__DUPLICATE_METHOD_MATCH = YES;
				CODE_SIGN_IDENTITY = "iPhone Developer";
				COPY_PHASE_STRIP = NO;
				DEBUG_INFORMATION_FORMAT = dwarf;
				ENABLE_STRICT_OBJC_MSGSEND = YES;
				ENABLE_TESTABILITY = YES;
				GCC_C_LANGUAGE_STANDARD = gnu11;
				GCC_DYNAMIC_NO_PIC = NO;
				GCC_NO_COMMON_BLOCKS = YES;
				GCC_OPTIMIZATION_LEVEL = 0;
				GCC_PREPROCESSOR_DEFINITIONS = (
					"DEBUG=1",
					"$(inherited)",
				);
				GCC_WARN_64_TO_32_BIT_CONVERSION = YES;
				GCC_WARN_ABOUT_RETURN_TYPE = YES_ERROR;
				GCC_WARN_UNDECLARED_SELECTOR = YES;
				GCC_WARN_UNINITIALIZED_AUTOS = YES_AGGRESSIVE;
				GCC_WARN_UNUSED_FUNCTION = YES;
				GCC_WARN_UNUSED_VARIABLE = YES;
				IPHONEOS_DEPLOYMENT_TARGET = 11.2;
				MTL_ENABLE_DEBUG_INFO = YES;
				ONLY_ACTIVE_ARCH = YES;
				SDKROOT = iphoneos;
			};
			name = Debug;
		};
		09784CED1FBB6FDB00172BE9 /* Release */ = {
			isa = XCBuildConfiguration;
			buildSettings = {
				ALWAYS_SEARCH_USER_PATHS = NO;
				CLANG_ANALYZER_NONNULL = YES;
				CLANG_ANALYZER_NUMBER_OBJECT_CONVERSION = YES_AGGRESSIVE;
				CLANG_CXX_LANGUAGE_STANDARD = "gnu++14";
				CLANG_CXX_LIBRARY = "libc++";
				CLANG_ENABLE_MODULES = YES;
				CLANG_ENABLE_OBJC_ARC = YES;
				CLANG_WARN_BLOCK_CAPTURE_AUTORELEASING = YES;
				CLANG_WARN_BOOL_CONVERSION = YES;
				CLANG_WARN_COMMA = YES;
				CLANG_WARN_CONSTANT_CONVERSION = YES;
				CLANG_WARN_DIRECT_OBJC_ISA_USAGE = YES_ERROR;
				CLANG_WARN_DOCUMENTATION_COMMENTS = YES;
				CLANG_WARN_EMPTY_BODY = YES;
				CLANG_WARN_ENUM_CONVERSION = YES;
				CLANG_WARN_INFINITE_RECURSION = YES;
				CLANG_WARN_INT_CONVERSION = YES;
				CLANG_WARN_NON_LITERAL_NULL_CONVERSION = YES;
				CLANG_WARN_OBJC_LITERAL_CONVERSION = YES;
				CLANG_WARN_OBJC_ROOT_CLASS = YES_ERROR;
				CLANG_WARN_RANGE_LOOP_ANALYSIS = YES;
				CLANG_WARN_STRICT_PROTOTYPES = YES;
				CLANG_WARN_SUSPICIOUS_MOVE = YES;
				CLANG_WARN_UNGUARDED_AVAILABILITY = YES_AGGRESSIVE;
				CLANG_WARN_UNREACHABLE_CODE = YES;
				CLANG_WARN__DUPLICATE_METHOD_MATCH = YES;
				CODE_SIGN_IDENTITY = "iPhone Developer";
				COPY_PHASE_STRIP = NO;
				DEBUG_INFORMATION_FORMAT = "dwarf-with-dsym";
				ENABLE_NS_ASSERTIONS = NO;
				ENABLE_STRICT_OBJC_MSGSEND = YES;
				GCC_C_LANGUAGE_STANDARD = gnu11;
				GCC_NO_COMMON_BLOCKS = YES;
				GCC_WARN_64_TO_32_BIT_CONVERSION = YES;
				GCC_WARN_ABOUT_RETURN_TYPE = YES_ERROR;
				GCC_WARN_UNDECLARED_SELECTOR = YES;
				GCC_WARN_UNINITIALIZED_AUTOS = YES_AGGRESSIVE;
				GCC_WARN_UNUSED_FUNCTION = YES;
				GCC_WARN_UNUSED_VARIABLE = YES;
				IPHONEOS_DEPLOYMENT_TARGET = 11.2;
				MTL_ENABLE_DEBUG_INFO = NO;
				SDKROOT = iphoneos;
				VALIDATE_PRODUCT = YES;
			};
			name = Release;
		};
		09784CEF1FBB6FDB00172BE9 /* Debug */ = {
			isa = XCBuildConfiguration;
			buildSettings = {
				ASSETCATALOG_COMPILER_APPICON_NAME = AppIcon;
				CODE_SIGN_STYLE = Automatic;
				DEVELOPMENT_TEAM = GG29GXQGG3;
				INFOPLIST_FILE = "a-idade-do-cachorro/Info.plist";
				LD_RUNPATH_SEARCH_PATHS = "$(inherited) @executable_path/Frameworks";
				PRODUCT_BUNDLE_IDENTIFIER = "br.com.castgroup.a-idade-do-cachorro";
				PRODUCT_NAME = "$(TARGET_NAME)";
				TARGETED_DEVICE_FAMILY = 1;
			};
			name = Debug;
		};
		09784CF01FBB6FDB00172BE9 /* Release */ = {
			isa = XCBuildConfiguration;
			buildSettings = {
				ASSETCATALOG_COMPILER_APPICON_NAME = AppIcon;
				CODE_SIGN_STYLE = Automatic;
				DEVELOPMENT_TEAM = GG29GXQGG3;
				INFOPLIST_FILE = "a-idade-do-cachorro/Info.plist";
				LD_RUNPATH_SEARCH_PATHS = "$(inherited) @executable_path/Frameworks";
				PRODUCT_BUNDLE_IDENTIFIER = "br.com.castgroup.a-idade-do-cachorro";
				PRODUCT_NAME = "$(TARGET_NAME)";
				TARGETED_DEVICE_FAMILY = 1;
			};
			name = Release;
		};
/* End XCBuildConfiguration section */

/* Begin XCConfigurationList section */
		09784CD31FBB6FDA00172BE9 /* Build configuration list for PBXProject "a-idade-do-cachorro" */ = {
			isa = XCConfigurationList;
			buildConfigurations = (
				09784CEC1FBB6FDB00172BE9 /* Debug */,
				09784CED1FBB6FDB00172BE9 /* Release */,
			);
			defaultConfigurationIsVisible = 0;
			defaultConfigurationName = Release;
		};
		09784CEE1FBB6FDB00172BE9 /* Build configuration list for PBXNativeTarget "a-idade-do-cachorro" */ = {
			isa = XCConfigurationList;
			buildConfigurations = (
				09784CEF1FBB6FDB00172BE9 /* Debug */,
				09784CF01FBB6FDB00172BE9 /* Release */,
			);
			defaultConfigurationIsVisible = 0;
			defaultConfigurationName = Release;
		};
/* End XCConfigurationList section */
	};
	rootObject = 09784CD01FBB6FDA00172BE9 /* Project object */;
}
